<?xml version="1.0" encoding="UTF-8" standalone="yes" ?>
<CodeBlocks_project_file>
	<FileVersion major="1" minor="6" />
	<Project>
		<Option title="MidgardClient" />
		<Option pch_mode="2" />
		<Option compiler="gcc" />
		<Build>
			<Target title="Release">
				<Option output="bin/Release/MidgardClient" prefix_auto="1" extension_auto="1" />
				<Option object_output="obj/Release/" />
				<Option type="1" />
				<Option compiler="gcc" />
				<Compiler>
					<Add option="-O2" />
					<Add option="-std=c++11" />
					<Add directory="3rdparty/sfml-2.1" />
					<Add directory="3rdparty/libconfig-1.4.9" />
					<Add directory="3rdparty/glut-3.7.6/include" />
					<Add directory="3rdparty/lua-5.1.5/src" />
					<Add directory="common" />
				</Compiler>
				<Linker>
					<Add option="-s" />
					<Add library="3rdparty\sfml-2.1\libsfml-audio.a" />
					<Add library="3rdparty\sfml-2.1\libsfml-graphics.a" />
					<Add library="3rdparty\sfml-2.1\libsfml-main.a" />
					<Add library="3rdparty\sfml-2.1\libsfml-network.a" />
					<Add library="3rdparty\sfml-2.1\libsfml-system.a" />
					<Add library="3rdparty\sfml-2.1\libsfml-window.a" />
					<Add library="3rdparty\glut-3.7.6\glut32.lib" />
					<Add directory="3rdparty/sfml-2.1" />
					<Add directory="3rdparty/glut-3.7.6" />
				</Linker>
			</Target>
		</Build>
		<Compiler>
			<Add option="-std=c++11" />
			<Add option="-Wall" />
			<Add option="-fexceptions" />
			<Add option="-m32" />
			<Add option="-DGLEW_STATIC" />
			<Add directory="3rdparty/libconfig-1.4.9" />
			<Add directory="3rdparty/sfml-2.1" />
			<Add directory="3rdparty/zlib-1.2.3" />
			<Add directory="3rdparty/glew-1.11.0/include" />
		</Compiler>
		<Linker>
			<Add library="OpenGL32" />
			<Add library="sfml-window" />
			<Add library="sfml-system" />
			<Add library="sfml-graphics" />
			<Add library="glu32" />
			<Add library="gdi32" />
			<Add library="glut32" />
			<Add directory="3rdparty/sfml-2.1" />
		</Linker>
		<Unit filename="3rdparty/glew-1.11.0/include/GL/glew.h" />
		<Unit filename="3rdparty/glew-1.11.0/src/glew.c">
			<Option compilerVar="CC" />
		</Unit>
		<Unit filename="3rdparty/libconfig-1.4.9/grammar.c">
			<Option compilerVar="CC" />
		</Unit>
		<Unit filename="3rdparty/libconfig-1.4.9/grammar.h" />
		<Unit filename="3rdparty/libconfig-1.4.9/libconfig.c">
			<Option compilerVar="CC" />
		</Unit>
		<Unit filename="3rdparty/libconfig-1.4.9/libconfig.h" />
		<Unit filename="3rdparty/libconfig-1.4.9/parsectx.h" />
		<Unit filename="3rdparty/libconfig-1.4.9/scanctx.c">
			<Option compilerVar="CC" />
		</Unit>
		<Unit filename="3rdparty/libconfig-1.4.9/scanctx.h" />
		<Unit filename="3rdparty/libconfig-1.4.9/scanner.c">
			<Option compilerVar="CC" />
		</Unit>
		<Unit filename="3rdparty/libconfig-1.4.9/scanner.h" />
		<Unit filename="3rdparty/libconfig-1.4.9/strbuf.c">
			<Option compilerVar="CC" />
		</Unit>
		<Unit filename="3rdparty/libconfig-1.4.9/strbuf.h" />
		<Unit filename="3rdparty/libconfig-1.4.9/wincompat.h" />
		<Unit filename="3rdparty/lua-5.1.5/src/lapi.c">
			<Option compilerVar="CC" />
		</Unit>
		<Unit filename="3rdparty/lua-5.1.5/src/lapi.h" />
		<Unit filename="3rdparty/lua-5.1.5/src/lauxlib.c">
			<Option compilerVar="CC" />
		</Unit>
		<Unit filename="3rdparty/lua-5.1.5/src/lauxlib.h" />
		<Unit filename="3rdparty/lua-5.1.5/src/lbaselib.c">
			<Option compilerVar="CC" />
		</Unit>
		<Unit filename="3rdparty/lua-5.1.5/src/lcode.c">
			<Option compilerVar="CC" />
		</Unit>
		<Unit filename="3rdparty/lua-5.1.5/src/lcode.h" />
		<Unit filename="3rdparty/lua-5.1.5/src/ldblib.c">
			<Option compilerVar="CC" />
		</Unit>
		<Unit filename="3rdparty/lua-5.1.5/src/ldebug.c">
			<Option compilerVar="CC" />
		</Unit>
		<Unit filename="3rdparty/lua-5.1.5/src/ldebug.h" />
		<Unit filename="3rdparty/lua-5.1.5/src/ldo.c">
			<Option compilerVar="CC" />
		</Unit>
		<Unit filename="3rdparty/lua-5.1.5/src/ldo.h" />
		<Unit filename="3rdparty/lua-5.1.5/src/ldump.c">
			<Option compilerVar="CC" />
		</Unit>
		<Unit filename="3rdparty/lua-5.1.5/src/lfunc.c">
			<Option compilerVar="CC" />
		</Unit>
		<Unit filename="3rdparty/lua-5.1.5/src/lfunc.h" />
		<Unit filename="3rdparty/lua-5.1.5/src/lgc.c">
			<Option compilerVar="CC" />
		</Unit>
		<Unit filename="3rdparty/lua-5.1.5/src/lgc.h" />
		<Unit filename="3rdparty/lua-5.1.5/src/linit.c">
			<Option compilerVar="CC" />
		</Unit>
		<Unit filename="3rdparty/lua-5.1.5/src/liolib.c">
			<Option compilerVar="CC" />
		</Unit>
		<Unit filename="3rdparty/lua-5.1.5/src/llex.c">
			<Option compilerVar="CC" />
		</Unit>
		<Unit filename="3rdparty/lua-5.1.5/src/llex.h" />
		<Unit filename="3rdparty/lua-5.1.5/src/llimits.h" />
		<Unit filename="3rdparty/lua-5.1.5/src/lmathlib.c">
			<Option compilerVar="CC" />
		</Unit>
		<Unit filename="3rdparty/lua-5.1.5/src/lmem.c">
			<Option compilerVar="CC" />
		</Unit>
		<Unit filename="3rdparty/lua-5.1.5/src/lmem.h" />
		<Unit filename="3rdparty/lua-5.1.5/src/loadlib.c">
			<Option compilerVar="CC" />
		</Unit>
		<Unit filename="3rdparty/lua-5.1.5/src/lobject.c">
			<Option compilerVar="CC" />
		</Unit>
		<Unit filename="3rdparty/lua-5.1.5/src/lobject.h" />
		<Unit filename="3rdparty/lua-5.1.5/src/lopcodes.c">
			<Option compilerVar="CC" />
		</Unit>
		<Unit filename="3rdparty/lua-5.1.5/src/lopcodes.h" />
		<Unit filename="3rdparty/lua-5.1.5/src/loslib.c">
			<Option compilerVar="CC" />
		</Unit>
		<Unit filename="3rdparty/lua-5.1.5/src/lparser.c">
			<Option compilerVar="CC" />
		</Unit>
		<Unit filename="3rdparty/lua-5.1.5/src/lparser.h" />
		<Unit filename="3rdparty/lua-5.1.5/src/lstate.c">
			<Option compilerVar="CC" />
		</Unit>
		<Unit filename="3rdparty/lua-5.1.5/src/lstate.h" />
		<Unit filename="3rdparty/lua-5.1.5/src/lstring.c">
			<Option compilerVar="CC" />
		</Unit>
		<Unit filename="3rdparty/lua-5.1.5/src/lstring.h" />
		<Unit filename="3rdparty/lua-5.1.5/src/lstrlib.c">
			<Option compilerVar="CC" />
		</Unit>
		<Unit filename="3rdparty/lua-5.1.5/src/ltable.c">
			<Option compilerVar="CC" />
		</Unit>
		<Unit filename="3rdparty/lua-5.1.5/src/ltable.h" />
		<Unit filename="3rdparty/lua-5.1.5/src/ltablib.c">
			<Option compilerVar="CC" />
		</Unit>
		<Unit filename="3rdparty/lua-5.1.5/src/ltm.c">
			<Option compilerVar="CC" />
		</Unit>
		<Unit filename="3rdparty/lua-5.1.5/src/ltm.h" />
		<Unit filename="3rdparty/lua-5.1.5/src/lua.c">
			<Option compilerVar="CC" />
		</Unit>
		<Unit filename="3rdparty/lua-5.1.5/src/lua.h" />
		<Unit filename="3rdparty/lua-5.1.5/src/luaconf.h" />
		<Unit filename="3rdparty/lua-5.1.5/src/lualib.h" />
		<Unit filename="3rdparty/lua-5.1.5/src/lundump.c">
			<Option compilerVar="CC" />
		</Unit>
		<Unit filename="3rdparty/lua-5.1.5/src/lundump.h" />
		<Unit filename="3rdparty/lua-5.1.5/src/lvm.c">
			<Option compilerVar="CC" />
		</Unit>
		<Unit filename="3rdparty/lua-5.1.5/src/lvm.h" />
		<Unit filename="3rdparty/lua-5.1.5/src/lzio.c">
			<Option compilerVar="CC" />
		</Unit>
		<Unit filename="3rdparty/lua-5.1.5/src/lzio.h" />
		<Unit filename="3rdparty/lua-5.1.5/src/print.c">
			<Option compilerVar="CC" />
		</Unit>
		<Unit filename="3rdparty/lua-5.2.3/src/lapi.h" />
		<Unit filename="3rdparty/lua-5.2.3/src/lauxlib.h" />
		<Unit filename="3rdparty/lua-5.2.3/src/lcode.h" />
		<Unit filename="3rdparty/lua-5.2.3/src/lctype.h" />
		<Unit filename="3rdparty/lua-5.2.3/src/ldebug.h" />
		<Unit filename="3rdparty/lua-5.2.3/src/ldo.h" />
		<Unit filename="3rdparty/lua-5.2.3/src/lfunc.h" />
		<Unit filename="3rdparty/lua-5.2.3/src/lgc.h" />
		<Unit filename="3rdparty/lua-5.2.3/src/llex.h" />
		<Unit filename="3rdparty/lua-5.2.3/src/llimits.h" />
		<Unit filename="3rdparty/lua-5.2.3/src/lmem.h" />
		<Unit filename="3rdparty/lua-5.2.3/src/lobject.h" />
		<Unit filename="3rdparty/lua-5.2.3/src/lopcodes.h" />
		<Unit filename="3rdparty/lua-5.2.3/src/lparser.h" />
		<Unit filename="3rdparty/lua-5.2.3/src/lstate.h" />
		<Unit filename="3rdparty/lua-5.2.3/src/lstring.h" />
		<Unit filename="3rdparty/lua-5.2.3/src/ltable.h" />
		<Unit filename="3rdparty/lua-5.2.3/src/ltm.h" />
		<Unit filename="3rdparty/lua-5.2.3/src/lua.h" />
		<Unit filename="3rdparty/lua-5.2.3/src/lua.hpp" />
		<Unit filename="3rdparty/lua-5.2.3/src/luaconf.h" />
		<Unit filename="3rdparty/lua-5.2.3/src/lualib.h" />
		<Unit filename="3rdparty/lua-5.2.3/src/lundump.h" />
		<Unit filename="3rdparty/lua-5.2.3/src/lvm.h" />
		<Unit filename="3rdparty/lua-5.2.3/src/lzio.h" />
		<Unit filename="3rdparty/sfml-2.1/SFML/Audio.hpp" />
		<Unit filename="3rdparty/sfml-2.1/SFML/Audio/Export.hpp" />
		<Unit filename="3rdparty/sfml-2.1/SFML/Audio/Listener.hpp" />
		<Unit filename="3rdparty/sfml-2.1/SFML/Audio/Music.hpp" />
		<Unit filename="3rdparty/sfml-2.1/SFML/Audio/Sound.hpp" />
		<Unit filename="3rdparty/sfml-2.1/SFML/Audio/SoundBuffer.hpp" />
		<Unit filename="3rdparty/sfml-2.1/SFML/Audio/SoundBufferRecorder.hpp" />
		<Unit filename="3rdparty/sfml-2.1/SFML/Audio/SoundRecorder.hpp" />
		<Unit filename="3rdparty/sfml-2.1/SFML/Audio/SoundSource.hpp" />
		<Unit filename="3rdparty/sfml-2.1/SFML/Audio/SoundStream.hpp" />
		<Unit filename="3rdparty/sfml-2.1/SFML/Config.hpp" />
		<Unit filename="3rdparty/sfml-2.1/SFML/Graphics.hpp" />
		<Unit filename="3rdparty/sfml-2.1/SFML/Graphics/BlendMode.hpp" />
		<Unit filename="3rdparty/sfml-2.1/SFML/Graphics/CircleShape.hpp" />
		<Unit filename="3rdparty/sfml-2.1/SFML/Graphics/Color.hpp" />
		<Unit filename="3rdparty/sfml-2.1/SFML/Graphics/ConvexShape.hpp" />
		<Unit filename="3rdparty/sfml-2.1/SFML/Graphics/Drawable.hpp" />
		<Unit filename="3rdparty/sfml-2.1/SFML/Graphics/Export.hpp" />
		<Unit filename="3rdparty/sfml-2.1/SFML/Graphics/Font.hpp" />
		<Unit filename="3rdparty/sfml-2.1/SFML/Graphics/Glyph.hpp" />
		<Unit filename="3rdparty/sfml-2.1/SFML/Graphics/Image.hpp" />
		<Unit filename="3rdparty/sfml-2.1/SFML/Graphics/PrimitiveType.hpp" />
		<Unit filename="3rdparty/sfml-2.1/SFML/Graphics/Rect.hpp" />
		<Unit filename="3rdparty/sfml-2.1/SFML/Graphics/RectangleShape.hpp" />
		<Unit filename="3rdparty/sfml-2.1/SFML/Graphics/RenderStates.hpp" />
		<Unit filename="3rdparty/sfml-2.1/SFML/Graphics/RenderTarget.hpp" />
		<Unit filename="3rdparty/sfml-2.1/SFML/Graphics/RenderTexture.hpp" />
		<Unit filename="3rdparty/sfml-2.1/SFML/Graphics/RenderWindow.hpp" />
		<Unit filename="3rdparty/sfml-2.1/SFML/Graphics/Shader.hpp" />
		<Unit filename="3rdparty/sfml-2.1/SFML/Graphics/Shape.hpp" />
		<Unit filename="3rdparty/sfml-2.1/SFML/Graphics/Sprite.hpp" />
		<Unit filename="3rdparty/sfml-2.1/SFML/Graphics/Text.hpp" />
		<Unit filename="3rdparty/sfml-2.1/SFML/Graphics/Texture.hpp" />
		<Unit filename="3rdparty/sfml-2.1/SFML/Graphics/Transform.hpp" />
		<Unit filename="3rdparty/sfml-2.1/SFML/Graphics/Transformable.hpp" />
		<Unit filename="3rdparty/sfml-2.1/SFML/Graphics/Vertex.hpp" />
		<Unit filename="3rdparty/sfml-2.1/SFML/Graphics/VertexArray.hpp" />
		<Unit filename="3rdparty/sfml-2.1/SFML/Graphics/View.hpp" />
		<Unit filename="3rdparty/sfml-2.1/SFML/Network.hpp" />
		<Unit filename="3rdparty/sfml-2.1/SFML/Network/Export.hpp" />
		<Unit filename="3rdparty/sfml-2.1/SFML/Network/Ftp.hpp" />
		<Unit filename="3rdparty/sfml-2.1/SFML/Network/Http.hpp" />
		<Unit filename="3rdparty/sfml-2.1/SFML/Network/IpAddress.hpp" />
		<Unit filename="3rdparty/sfml-2.1/SFML/Network/Packet.hpp" />
		<Unit filename="3rdparty/sfml-2.1/SFML/Network/Socket.hpp" />
		<Unit filename="3rdparty/sfml-2.1/SFML/Network/SocketHandle.hpp" />
		<Unit filename="3rdparty/sfml-2.1/SFML/Network/SocketSelector.hpp" />
		<Unit filename="3rdparty/sfml-2.1/SFML/Network/TcpListener.hpp" />
		<Unit filename="3rdparty/sfml-2.1/SFML/Network/TcpSocket.hpp" />
		<Unit filename="3rdparty/sfml-2.1/SFML/Network/UdpSocket.hpp" />
		<Unit filename="3rdparty/sfml-2.1/SFML/OpenGL.hpp" />
		<Unit filename="3rdparty/sfml-2.1/SFML/System.hpp" />
		<Unit filename="3rdparty/sfml-2.1/SFML/System/Clock.hpp" />
		<Unit filename="3rdparty/sfml-2.1/SFML/System/Err.hpp" />
		<Unit filename="3rdparty/sfml-2.1/SFML/System/Export.hpp" />
		<Unit filename="3rdparty/sfml-2.1/SFML/System/InputStream.hpp" />
		<Unit filename="3rdparty/sfml-2.1/SFML/System/Lock.hpp" />
		<Unit filename="3rdparty/sfml-2.1/SFML/System/Mutex.hpp" />
		<Unit filename="3rdparty/sfml-2.1/SFML/System/NonCopyable.hpp" />
		<Unit filename="3rdparty/sfml-2.1/SFML/System/Sleep.hpp" />
		<Unit filename="3rdparty/sfml-2.1/SFML/System/String.hpp" />
		<Unit filename="3rdparty/sfml-2.1/SFML/System/Thread.hpp" />
		<Unit filename="3rdparty/sfml-2.1/SFML/System/ThreadLocal.hpp" />
		<Unit filename="3rdparty/sfml-2.1/SFML/System/ThreadLocalPtr.hpp" />
		<Unit filename="3rdparty/sfml-2.1/SFML/System/Time.hpp" />
		<Unit filename="3rdparty/sfml-2.1/SFML/System/Utf.hpp" />
		<Unit filename="3rdparty/sfml-2.1/SFML/System/Vector2.hpp" />
		<Unit filename="3rdparty/sfml-2.1/SFML/System/Vector3.hpp" />
		<Unit filename="3rdparty/sfml-2.1/SFML/Window.hpp" />
		<Unit filename="3rdparty/sfml-2.1/SFML/Window/Context.hpp" />
		<Unit filename="3rdparty/sfml-2.1/SFML/Window/ContextSettings.hpp" />
		<Unit filename="3rdparty/sfml-2.1/SFML/Window/Event.hpp" />
		<Unit filename="3rdparty/sfml-2.1/SFML/Window/Export.hpp" />
		<Unit filename="3rdparty/sfml-2.1/SFML/Window/GlResource.hpp" />
		<Unit filename="3rdparty/sfml-2.1/SFML/Window/Joystick.hpp" />
		<Unit filename="3rdparty/sfml-2.1/SFML/Window/Keyboard.hpp" />
		<Unit filename="3rdparty/sfml-2.1/SFML/Window/Mouse.hpp" />
		<Unit filename="3rdparty/sfml-2.1/SFML/Window/VideoMode.hpp" />
		<Unit filename="3rdparty/sfml-2.1/SFML/Window/Window.hpp" />
		<Unit filename="3rdparty/sfml-2.1/SFML/Window/WindowHandle.hpp" />
		<Unit filename="3rdparty/sfml-2.1/SFML/Window/WindowStyle.hpp" />
		<Unit filename="3rdparty/zlib-1.2.3/adler32.c">
			<Option compilerVar="CC" />
		</Unit>
		<Unit filename="3rdparty/zlib-1.2.3/compress.c">
			<Option compilerVar="CC" />
		</Unit>
		<Unit filename="3rdparty/zlib-1.2.3/crc32.c">
			<Option compilerVar="CC" />
		</Unit>
		<Unit filename="3rdparty/zlib-1.2.3/crc32.h" />
		<Unit filename="3rdparty/zlib-1.2.3/deflate.c">
			<Option compilerVar="CC" />
		</Unit>
		<Unit filename="3rdparty/zlib-1.2.3/deflate.h" />
		<Unit filename="3rdparty/zlib-1.2.3/gzio.c">
			<Option compilerVar="CC" />
		</Unit>
		<Unit filename="3rdparty/zlib-1.2.3/infback.c">
			<Option compilerVar="CC" />
		</Unit>
		<Unit filename="3rdparty/zlib-1.2.3/inffast.c">
			<Option compilerVar="CC" />
		</Unit>
		<Unit filename="3rdparty/zlib-1.2.3/inffast.h" />
		<Unit filename="3rdparty/zlib-1.2.3/inffixed.h" />
		<Unit filename="3rdparty/zlib-1.2.3/inflate.c">
			<Option compilerVar="CC" />
		</Unit>
		<Unit filename="3rdparty/zlib-1.2.3/inflate.h" />
		<Unit filename="3rdparty/zlib-1.2.3/inftrees.c">
			<Option compilerVar="CC" />
		</Unit>
		<Unit filename="3rdparty/zlib-1.2.3/inftrees.h" />
		<Unit filename="3rdparty/zlib-1.2.3/trees.c">
			<Option compilerVar="CC" />
		</Unit>
		<Unit filename="3rdparty/zlib-1.2.3/trees.h" />
		<Unit filename="3rdparty/zlib-1.2.3/uncompr.c">
			<Option compilerVar="CC" />
		</Unit>
		<Unit filename="3rdparty/zlib-1.2.3/zconf.h" />
		<Unit filename="3rdparty/zlib-1.2.3/zconf.in.h" />
		<Unit filename="3rdparty/zlib-1.2.3/zlib.h" />
		<Unit filename="3rdparty/zlib-1.2.3/zutil.c">
			<Option compilerVar="CC" />
		</Unit>
		<Unit filename="3rdparty/zlib-1.2.3/zutil.h" />
		<Unit filename="UI/Button.cpp" />
		<Unit filename="UI/Button.h" />
		<Unit filename="UI/CheckButton.cpp" />
		<Unit filename="UI/CheckButton.h" />
		<Unit filename="UI/Frame.cpp" />
		<Unit filename="UI/Frame.h" />
		<Unit filename="UI/Manager.cpp" />
		<Unit filename="UI/Manager.h" />
		<Unit filename="UI/MessageBox.cpp" />
		<Unit filename="UI/MessageBox.h" />
		<Unit filename="UI/PlayerFrame.cpp" />
		<Unit filename="UI/PlayerFrame.h" />
		<Unit filename="UI/TextBox.cpp" />
		<Unit filename="UI/TextBox.h" />
		<Unit filename="UI/Widget.cpp" />
		<Unit filename="UI/Widget.h" />
		<Unit filename="common/ContentPipeline.cpp" />
		<Unit filename="common/ContentPipeline.h" />
		<Unit filename="common/FileStream.cpp" />
		<Unit filename="common/FileStream.h" />
		<Unit filename="common/GameCursor.cpp" />
		<Unit filename="common/GameCursor.h" />
		<Unit filename="common/Globals.cpp" />
		<Unit filename="common/Globals.h" />
		<Unit filename="common/LuaDB.cpp" />
		<Unit filename="common/LuaDB.h" />
		<Unit filename="common/Structs.h" />
		<Unit filename="formats/CActor.cpp" />
		<Unit filename="formats/CActor.h" />
		<Unit filename="formats/CAltitude.cpp" />
		<Unit filename="formats/CAltitude.h" />
		<Unit filename="formats/CEffect.cpp" />
		<Unit filename="formats/CEffect.h" />
		<Unit filename="formats/CGrf.cpp" />
		<Unit filename="formats/CGrf.h" />
		<Unit filename="formats/CGround.cpp" />
		<Unit filename="formats/CGround.h" />
		<Unit filename="formats/CModel.cpp" />
		<Unit filename="formats/CModel.h" />
		<Unit filename="formats/CSprite.cpp" />
		<Unit filename="formats/CSprite.h" />
		<Unit filename="formats/CWorld.cpp" />
		<Unit filename="formats/CWorld.h" />
		<Unit filename="main.cpp" />
		<Unit filename="render/Player.cpp" />
		<Unit filename="render/Player.h" />
		<Unit filename="render/SpriteRenderer.cpp" />
		<Unit filename="render/SpriteRenderer.h" />
		<Unit filename="views/CharView.cpp" />
		<Unit filename="views/CharView.h" />
		<Unit filename="views/LoginView.cpp" />
		<Unit filename="views/LoginView.h" />
		<Unit filename="views/MapView.cpp" />
		<Unit filename="views/MapView.h" />
		<Extensions>
			<code_completion />
			<debugger />
			<envvars />
		</Extensions>
	</Project>
</CodeBlocks_project_file>
